
Microsoft Visual Studio Solution File, Format Version 12.00
# Visual Studio Version 17
VisualStudioVersion = 17.5.33530.505
MinimumVisualStudioVersion = 10.0.40219.1
Project("{9A19103F-16F7-4668-BE54-9A1E7A4F7556}") = "DeveloperSample", "console\DeveloperSample.csproj", "{D012056C-483D-4B3A-AC9D-78235F5D07BE}"
EndProject
Project("{9A19103F-16F7-4668-BE54-9A1E7A4F7556}") = "DeveloperSampleOriginal", "original\DeveloperSampleOriginal.csproj", "{EAA15672-7791-4C13-A5C5-8035E65972D7}"
EndProject
Global
	GlobalSection(SolutionConfigurationPlatforms) = preSolution
		Debug|Any CPU = Debug|Any CPU
		Release|Any CPU = Release|Any CPU
	EndGlobalSection
	GlobalSection(ProjectConfigurationPlatforms) = postSolution
		{D012056C-483D-4B3A-AC9D-78235F5D07BE}.Debug|Any CPU.ActiveCfg = Debug|Any CPU
		{D012056C-483D-4B3A-AC9D-78235F5D07BE}.Debug|Any CPU.Build.0 = Debug|Any CPU
		{D012056C-483D-4B3A-AC9D-78235F5D07BE}.Release|Any CPU.ActiveCfg = Release|Any CPU
		{D012056C-483D-4B3A-AC9D-78235F5D07BE}.Release|Any CPU.Build.0 = Release|Any CPU
		{EAA15672-7791-4C13-A5C5-8035E65972D7}.Debug|Any CPU.ActiveCfg = Debug|Any CPU
		{EAA15672-7791-4C13-A5C5-8035E65972D7}.Debug|Any CPU.Build.0 = Debug|Any CPU
		{EAA15672-7791-4C13-A5C5-8035E65972D7}.Release|Any CPU.ActiveCfg = Release|Any CPU
		{EAA15672-7791-4C13-A5C5-8035E65972D7}.Release|Any CPU.Build.0 = Release|Any CPU
	EndGlobalSection
	GlobalSection(SolutionProperties) = preSolution
		HideSolutionNode = FALSE
	EndGlobalSection
	GlobalSection(ExtensibilityGlobals) = postSolution
		SolutionGuid = {863DE849-4C9A-4746-8764-A1C7612C4C30}
	EndGlobalSection
EndGlobal
